
Microsoft Visual Studio Solution File, Format Version 12.00
# Visual Studio Version 16
VisualStudioVersion = 16.0.30204.135
MinimumVisualStudioVersion = 10.0.40219.1
Project("{FAE04EC0-301F-11D3-BF4B-00C04F79EFBC}") = "Recnik", "Recnik\Recnik.csproj", "{060FF602-4924-47DE-8198-E1D107D20DCE}"
EndProject
Global
	GlobalSection(SolutionConfigurationPlatforms) = preSolution
		Debug|Any CPU = Debug|Any CPU
		Release|Any CPU = Release|Any CPU
	EndGlobalSection
	GlobalSection(ProjectConfigurationPlatforms) = postSolution
		{060FF602-4924-47DE-8198-E1D107D20DCE}.Debug|Any CPU.ActiveCfg = Debug|Any CPU
		{060FF602-4924-47DE-8198-E1D107D20DCE}.Debug|Any CPU.Build.0 = Debug|Any CPU
		{060FF602-4924-47DE-8198-E1D107D20DCE}.Release|Any CPU.ActiveCfg = Release|Any CPU
		{060FF602-4924-47DE-8198-E1D107D20DCE}.Release|Any CPU.Build.0 = Release|Any CPU
	EndGlobalSection
	GlobalSection(SolutionProperties) = preSolution
		HideSolutionNode = FALSE
	EndGlobalSection
	GlobalSection(ExtensibilityGlobals) = postSolution
		SolutionGuid = {5020F31D-6DFB-49FB-8758-7E20F0E7161E}
	EndGlobalSection
EndGlobal
